# THIS IS AN AUTOGENERATED FILE. DO NOT EDIT THIS FILE DIRECTLY.
# yarn lockfile v1


win-node-env@^0.6.1:
  version "0.6.1"
  resolved "https://registry.yarnpkg.com/win-node-env/-/win-node-env-0.6.1.tgz#6684e136ec064aa4d47093899b13d4027ed2778b"
  integrity sha512-oR+MLQ6jdvwqkLEkKBYxRvBOYbTlQV9dJKn8vLzjA4HCzcqdlCE6H1oOvA7lAdCgNXiOX0xfjl/Y47ZcZN6FDA==
